// !$*UTF8*$!
{
	archiveVersion = 1;
	classes = {
	};
	objectVersion = 50;
	objects = {

/* Begin PBXBuildFile section */
		699F709151CD8A03FACA2380 /* Pods_Trackee.framework in Frameworks */ = {isa = PBXBuildFile; fileRef = E26FAEC567FE4595CF9C193A /* Pods_Trackee.framework */; };
		79778AF32261B55900076567 /* ItemTableViewCell.swift in Sources */ = {isa = PBXBuildFile; fileRef = 79778AF22261B55900076567 /* ItemTableViewCell.swift */; };
		79860160225883B100AEBC47 /* AppDelegate.swift in Sources */ = {isa = PBXBuildFile; fileRef = 7986015F225883B100AEBC47 /* AppDelegate.swift */; };
		79860162225883B100AEBC47 /* ViewController.swift in Sources */ = {isa = PBXBuildFile; fileRef = 79860161225883B100AEBC47 /* ViewController.swift */; };
		79860165225883B100AEBC47 /* Main.storyboard in Resources */ = {isa = PBXBuildFile; fileRef = 79860163225883B100AEBC47 /* Main.storyboard */; };
		7986016A225883B300AEBC47 /* LaunchScreen.storyboard in Resources */ = {isa = PBXBuildFile; fileRef = 79860168225883B300AEBC47 /* LaunchScreen.storyboard */; };
		798601732259173700AEBC47 /* Assets.xcassets in Resources */ = {isa = PBXBuildFile; fileRef = 798601722259173700AEBC47 /* Assets.xcassets */; };
		79900D6F225A092D009E168F /* CategoryViewController.swift in Sources */ = {isa = PBXBuildFile; fileRef = 79900D6E225A092D009E168F /* CategoryViewController.swift */; };
		79900D71225A094A009E168F /* AddEditCategoryViewController.swift in Sources */ = {isa = PBXBuildFile; fileRef = 79900D70225A094A009E168F /* AddEditCategoryViewController.swift */; };
		79900D73225A0961009E168F /* TransactionViewController.swift in Sources */ = {isa = PBXBuildFile; fileRef = 79900D72225A0961009E168F /* TransactionViewController.swift */; };
		79900D75225A096B009E168F /* AddEditTransactionViewController.swift in Sources */ = {isa = PBXBuildFile; fileRef = 79900D74225A096B009E168F /* AddEditTransactionViewController.swift */; };
		79900D77225A09CA009E168F /* Constants.swift in Sources */ = {isa = PBXBuildFile; fileRef = 79900D76225A09CA009E168F /* Constants.swift */; };
		79900D79225A202E009E168F /* Functions.swift in Sources */ = {isa = PBXBuildFile; fileRef = 79900D78225A202E009E168F /* Functions.swift */; };
		79900D7B225A5188009E168F /* Category.swift in Sources */ = {isa = PBXBuildFile; fileRef = 79900D7A225A5188009E168F /* Category.swift */; };
		79900D7D225A5234009E168F /* Item.swift in Sources */ = {isa = PBXBuildFile; fileRef = 79900D7C225A5234009E168F /* Item.swift */; };
		79900D80225A6EB8009E168F /* CategoryTableViewCell.swift in Sources */ = {isa = PBXBuildFile; fileRef = 79900D7E225A6EB8009E168F /* CategoryTableViewCell.swift */; };
		799BF82A225A071C00A54AB3 /* SummaryViewController.swift in Sources */ = {isa = PBXBuildFile; fileRef = 799BF829225A071C00A54AB3 /* SummaryViewController.swift */; };
/* End PBXBuildFile section */

/* Begin PBXFileReference section */
		4F8B260883C014A8CE5CF0A7 /* Pods-Trackee.debug.xcconfig */ = {isa = PBXFileReference; includeInIndex = 1; lastKnownFileType = text.xcconfig; name = "Pods-Trackee.debug.xcconfig"; path = "Pods/Target Support Files/Pods-Trackee/Pods-Trackee.debug.xcconfig"; sourceTree = "<group>"; };
		79778AF22261B55900076567 /* ItemTableViewCell.swift */ = {isa = PBXFileReference; lastKnownFileType = sourcecode.swift; path = ItemTableViewCell.swift; sourceTree = "<group>"; };
		7986015C225883B100AEBC47 /* Trackee.app */ = {isa = PBXFileReference; explicitFileType = wrapper.application; includeInIndex = 0; path = Trackee.app; sourceTree = BUILT_PRODUCTS_DIR; };
		7986015F225883B100AEBC47 /* AppDelegate.swift */ = {isa = PBXFileReference; lastKnownFileType = sourcecode.swift; path = AppDelegate.swift; sourceTree = "<group>"; };
		79860161225883B100AEBC47 /* ViewController.swift */ = {isa = PBXFileReference; lastKnownFileType = sourcecode.swift; path = ViewController.swift; sourceTree = "<group>"; };
		79860164225883B100AEBC47 /* Base */ = {isa = PBXFileReference; lastKnownFileType = file.storyboard; name = Base; path = Base.lproj/Main.storyboard; sourceTree = "<group>"; };
		79860169225883B300AEBC47 /* Base */ = {isa = PBXFileReference; lastKnownFileType = file.storyboard; name = Base; path = Base.lproj/LaunchScreen.storyboard; sourceTree = "<group>"; };
		7986016B225883B300AEBC47 /* Info.plist */ = {isa = PBXFileReference; lastKnownFileType = text.plist.xml; path = Info.plist; sourceTree = "<group>"; };
		798601722259173700AEBC47 /* Assets.xcassets */ = {isa = PBXFileReference; lastKnownFileType = folder.assetcatalog; path = Assets.xcassets; sourceTree = "<group>"; };
		79900D6E225A092D009E168F /* CategoryViewController.swift */ = {isa = PBXFileReference; lastKnownFileType = sourcecode.swift; path = CategoryViewController.swift; sourceTree = "<group>"; };
		79900D70225A094A009E168F /* AddEditCategoryViewController.swift */ = {isa = PBXFileReference; lastKnownFileType = sourcecode.swift; path = AddEditCategoryViewController.swift; sourceTree = "<group>"; };
		79900D72225A0961009E168F /* TransactionViewController.swift */ = {isa = PBXFileReference; lastKnownFileType = sourcecode.swift; path = TransactionViewController.swift; sourceTree = "<group>"; };
		79900D74225A096B009E168F /* AddEditTransactionViewController.swift */ = {isa = PBXFileReference; lastKnownFileType = sourcecode.swift; path = AddEditTransactionViewController.swift; sourceTree = "<group>"; };
		79900D76225A09CA009E168F /* Constants.swift */ = {isa = PBXFileReference; lastKnownFileType = sourcecode.swift; path = Constants.swift; sourceTree = "<group>"; };
		79900D78225A202E009E168F /* Functions.swift */ = {isa = PBXFileReference; lastKnownFileType = sourcecode.swift; path = Functions.swift; sourceTree = "<group>"; };
		79900D7A225A5188009E168F /* Category.swift */ = {isa = PBXFileReference; lastKnownFileType = sourcecode.swift; path = Category.swift; sourceTree = "<group>"; };
		79900D7C225A5234009E168F /* Item.swift */ = {isa = PBXFileReference; lastKnownFileType = sourcecode.swift; path = Item.swift; sourceTree = "<group>"; };
		79900D7E225A6EB8009E168F /* CategoryTableViewCell.swift */ = {isa = PBXFileReference; lastKnownFileType = sourcecode.swift; path = CategoryTableViewCell.swift; sourceTree = "<group>"; };
		799BF829225A071C00A54AB3 /* SummaryViewController.swift */ = {isa = PBXFileReference; lastKnownFileType = sourcecode.swift; path = SummaryViewController.swift; sourceTree = "<group>"; };
		8A4D4B110AAB2D8C41774AF0 /* Pods-Trackee.release.xcconfig */ = {isa = PBXFileReference; includeInIndex = 1; lastKnownFileType = text.xcconfig; name = "Pods-Trackee.release.xcconfig"; path = "Pods/Target Support Files/Pods-Trackee/Pods-Trackee.release.xcconfig"; sourceTree = "<group>"; };
		E26FAEC567FE4595CF9C193A /* Pods_Trackee.framework */ = {isa = PBXFileReference; explicitFileType = wrapper.framework; includeInIndex = 0; path = Pods_Trackee.framework; sourceTree = BUILT_PRODUCTS_DIR; };
/* End PBXFileReference section */

/* Begin PBXFrameworksBuildPhase section */
		79860159225883B100AEBC47 /* Frameworks */ = {
			isa = PBXFrameworksBuildPhase;
			buildActionMask = 2147483647;
			files = (
				699F709151CD8A03FACA2380 /* Pods_Trackee.framework in Frameworks */,
			);
			runOnlyForDeploymentPostprocessing = 0;
		};
/* End PBXFrameworksBuildPhase section */

/* Begin PBXGroup section */
		0A65873D66EAA552DECB57D9 /* Pods */ = {
			isa = PBXGroup;
			children = (
				4F8B260883C014A8CE5CF0A7 /* Pods-Trackee.debug.xcconfig */,
				8A4D4B110AAB2D8C41774AF0 /* Pods-Trackee.release.xcconfig */,
			);
			name = Pods;
			sourceTree = "<group>";
		};
		79860153225883B000AEBC47 = {
			isa = PBXGroup;
			children = (
				7986015E225883B100AEBC47 /* Trackee */,
				798601722259173700AEBC47 /* Assets.xcassets */,
				7986015D225883B100AEBC47 /* Products */,
				0A65873D66EAA552DECB57D9 /* Pods */,
				F907709DB6687A43C71D44F1 /* Frameworks */,
			);
			sourceTree = "<group>";
		};
		7986015D225883B100AEBC47 /* Products */ = {
			isa = PBXGroup;
			children = (
				7986015C225883B100AEBC47 /* Trackee.app */,
			);
			name = Products;
			sourceTree = "<group>";
		};
		7986015E225883B100AEBC47 /* Trackee */ = {
			isa = PBXGroup;
			children = (
				7986015F225883B100AEBC47 /* AppDelegate.swift */,
				79900D6C225A0873009E168F /* Data Model */,
				79900D6D225A0895009E168F /* View */,
				799BF828225A070800A54AB3 /* Controllers */,
				79900D6B225A0867009E168F /* Supporting files */,
				79860161225883B100AEBC47 /* ViewController.swift */,
				7986016B225883B300AEBC47 /* Info.plist */,
			);
			path = Trackee;
			sourceTree = "<group>";
		};
		79900D6B225A0867009E168F /* Supporting files */ = {
			isa = PBXGroup;
			children = (
				79860168225883B300AEBC47 /* LaunchScreen.storyboard */,
				79900D76225A09CA009E168F /* Constants.swift */,
				79900D78225A202E009E168F /* Functions.swift */,
			);
			path = "Supporting files";
			sourceTree = "<group>";
		};
		79900D6C225A0873009E168F /* Data Model */ = {
			isa = PBXGroup;
			children = (
				79900D7A225A5188009E168F /* Category.swift */,
				79900D7C225A5234009E168F /* Item.swift */,
			);
			path = "Data Model";
			sourceTree = "<group>";
		};
		79900D6D225A0895009E168F /* View */ = {
			isa = PBXGroup;
			children = (
				79860163225883B100AEBC47 /* Main.storyboard */,
				79900D7E225A6EB8009E168F /* CategoryTableViewCell.swift */,
				79778AF22261B55900076567 /* ItemTableViewCell.swift */,
			);
			path = View;
			sourceTree = "<group>";
		};
		799BF828225A070800A54AB3 /* Controllers */ = {
			isa = PBXGroup;
			children = (
				799BF829225A071C00A54AB3 /* SummaryViewController.swift */,
				79900D6E225A092D009E168F /* CategoryViewController.swift */,
				79900D70225A094A009E168F /* AddEditCategoryViewController.swift */,
				79900D72225A0961009E168F /* TransactionViewController.swift */,
				79900D74225A096B009E168F /* AddEditTransactionViewController.swift */,
			);
			path = Controllers;
			sourceTree = "<group>";
		};
		F907709DB6687A43C71D44F1 /* Frameworks */ = {
			isa = PBXGroup;
			children = (
				E26FAEC567FE4595CF9C193A /* Pods_Trackee.framework */,
			);
			name = Frameworks;
			sourceTree = "<group>";
		};
/* End PBXGroup section */

/* Begin PBXNativeTarget section */
		7986015B225883B100AEBC47 /* Trackee */ = {
			isa = PBXNativeTarget;
			buildConfigurationList = 7986016E225883B300AEBC47 /* Build configuration list for PBXNativeTarget "Trackee" */;
			buildPhases = (
				D2F0ADAA97D8219E9DBB1643 /* [CP] Check Pods Manifest.lock */,
				79860158225883B100AEBC47 /* Sources */,
				79860159225883B100AEBC47 /* Frameworks */,
				7986015A225883B100AEBC47 /* Resources */,
				264F4E26F4C7120FB1C9D9E9 /* [CP] Embed Pods Frameworks */,
			);
			buildRules = (
			);
			dependencies = (
			);
			name = Trackee;
			productName = Trackee;
			productReference = 7986015C225883B100AEBC47 /* Trackee.app */;
			productType = "com.apple.product-type.application";
		};
/* End PBXNativeTarget section */

/* Begin PBXProject section */
		79860154225883B000AEBC47 /* Project object */ = {
			isa = PBXProject;
			attributes = {
				LastSwiftUpdateCheck = 1010;
				LastUpgradeCheck = 1010;
				ORGANIZATIONNAME = Pramodya;
				TargetAttributes = {
					7986015B225883B100AEBC47 = {
						CreatedOnToolsVersion = 10.1;
					};
				};
			};
			buildConfigurationList = 79860157225883B000AEBC47 /* Build configuration list for PBXProject "Trackee" */;
			compatibilityVersion = "Xcode 9.3";
			developmentRegion = en;
			hasScannedForEncodings = 0;
			knownRegions = (
				en,
				Base,
			);
			mainGroup = 79860153225883B000AEBC47;
			productRefGroup = 7986015D225883B100AEBC47 /* Products */;
			projectDirPath = "";
			projectRoot = "";
			targets = (
				7986015B225883B100AEBC47 /* Trackee */,
			);
		};
/* End PBXProject section */

/* Begin PBXResourcesBuildPhase section */
		7986015A225883B100AEBC47 /* Resources */ = {
			isa = PBXResourcesBuildPhase;
			buildActionMask = 2147483647;
			files = (
				7986016A225883B300AEBC47 /* LaunchScreen.storyboard in Resources */,
				798601732259173700AEBC47 /* Assets.xcassets in Resources */,
				79860165225883B100AEBC47 /* Main.storyboard in Resources */,
			);
			runOnlyForDeploymentPostprocessing = 0;
		};
/* End PBXResourcesBuildPhase section */

/* Begin PBXShellScriptBuildPhase section */
		264F4E26F4C7120FB1C9D9E9 /* [CP] Embed Pods Frameworks */ = {
			isa = PBXShellScriptBuildPhase;
			buildActionMask = 2147483647;
			files = (
			);
			inputPaths = (
				"${SRCROOT}/Pods/Target Support Files/Pods-Trackee/Pods-Trackee-frameworks.sh",
				"${BUILT_PRODUCTS_DIR}/Realm/Realm.framework",
				"${BUILT_PRODUCTS_DIR}/RealmSwift/RealmSwift.framework",
				"${BUILT_PRODUCTS_DIR}/SwipeCellKit/SwipeCellKit.framework",
			);
			name = "[CP] Embed Pods Frameworks";
			outputPaths = (
				"${TARGET_BUILD_DIR}/${FRAMEWORKS_FOLDER_PATH}/Realm.framework",
				"${TARGET_BUILD_DIR}/${FRAMEWORKS_FOLDER_PATH}/RealmSwift.framework",
				"${TARGET_BUILD_DIR}/${FRAMEWORKS_FOLDER_PATH}/SwipeCellKit.framework",
			);
			runOnlyForDeploymentPostprocessing = 0;
			shellPath = /bin/sh;
			shellScript = "\"${SRCROOT}/Pods/Target Support Files/Pods-Trackee/Pods-Trackee-frameworks.sh\"\n";
			showEnvVarsInLog = 0;
		};
		D2F0ADAA97D8219E9DBB1643 /* [CP] Check Pods Manifest.lock */ = {
			isa = PBXShellScriptBuildPhase;
			buildActionMask = 2147483647;
			files = (
			);
			inputPaths = (
				"${PODS_PODFILE_DIR_PATH}/Podfile.lock",
				"${PODS_ROOT}/Manifest.lock",
			);
			name = "[CP] Check Pods Manifest.lock";
			outputPaths = (
				"$(DERIVED_FILE_DIR)/Pods-Trackee-checkManifestLockResult.txt",
			);
			runOnlyForDeploymentPostprocessing = 0;
			shellPath = /bin/sh;
			shellScript = "diff \"${PODS_PODFILE_DIR_PATH}/Podfile.lock\" \"${PODS_ROOT}/Manifest.lock\" > /dev/null\nif [ $? != 0 ] ; then\n    # print error to STDERR\n    echo \"error: The sandbox is not in sync with the Podfile.lock. Run 'pod install' or update your CocoaPods installation.\" >&2\n    exit 1\nfi\n# This output is used by Xcode 'outputs' to avoid re-running this script phase.\necho \"SUCCESS\" > \"${SCRIPT_OUTPUT_FILE_0}\"\n";
			showEnvVarsInLog = 0;
		};
/* End PBXShellScriptBuildPhase section */

/* Begin PBXSourcesBuildPhase section */
		79860158225883B100AEBC47 /* Sources */ = {
			isa = PBXSourcesBuildPhase;
			buildActionMask = 2147483647;
			files = (
				79900D6F225A092D009E168F /* CategoryViewController.swift in Sources */,
				79900D7B225A5188009E168F /* Category.swift in Sources */,
				79900D73225A0961009E168F /* TransactionViewController.swift in Sources */,
				79900D79225A202E009E168F /* Functions.swift in Sources */,
				79900D75225A096B009E168F /* AddEditTransactionViewController.swift in Sources */,
				79860162225883B100AEBC47 /* ViewController.swift in Sources */,
				79778AF32261B55900076567 /* ItemTableViewCell.swift in Sources */,
				79900D7D225A5234009E168F /* Item.swift in Sources */,
				79900D71225A094A009E168F /* AddEditCategoryViewController.swift in Sources */,
				79860160225883B100AEBC47 /* AppDelegate.swift in Sources */,
				799BF82A225A071C00A54AB3 /* SummaryViewController.swift in Sources */,
				79900D77225A09CA009E168F /* Constants.swift in Sources */,
				79900D80225A6EB8009E168F /* CategoryTableViewCell.swift in Sources */,
			);
			runOnlyForDeploymentPostprocessing = 0;
		};
/* End PBXSourcesBuildPhase section */

/* Begin PBXVariantGroup section */
		79860163225883B100AEBC47 /* Main.storyboard */ = {
			isa = PBXVariantGroup;
			children = (
				79860164225883B100AEBC47 /* Base */,
			);
			name = Main.storyboard;
			sourceTree = "<group>";
		};
		79860168225883B300AEBC47 /* LaunchScreen.storyboard */ = {
			isa = PBXVariantGroup;
			children = (
				79860169225883B300AEBC47 /* Base */,
			);
			name = LaunchScreen.storyboard;
			sourceTree = "<group>";
		};
/* End PBXVariantGroup section */

/* Begin XCBuildConfiguration section */
		7986016C225883B300AEBC47 /* Debug */ = {
			isa = XCBuildConfiguration;
			buildSettings = {
				ALWAYS_SEARCH_USER_PATHS = NO;
				CLANG_ANALYZER_NONNULL = YES;
				CLANG_ANALYZER_NUMBER_OBJECT_CONVERSION = YES_AGGRESSIVE;
				CLANG_CXX_LANGUAGE_STANDARD = "gnu++14";
				CLANG_CXX_LIBRARY = "libc++";
				CLANG_ENABLE_MODULES = YES;
				CLANG_ENABLE_OBJC_ARC = YES;
				CLANG_ENABLE_OBJC_WEAK = YES;
				CLANG_WARN_BLOCK_CAPTURE_AUTORELEASING = YES;
				CLANG_WARN_BOOL_CONVERSION = YES;
				CLANG_WARN_COMMA = YES;
				CLANG_WARN_CONSTANT_CONVERSION = YES;
				CLANG_WARN_DEPRECATED_OBJC_IMPLEMENTATIONS = YES;
				CLANG_WARN_DIRECT_OBJC_ISA_USAGE = YES_ERROR;
				CLANG_WARN_DOCUMENTATION_COMMENTS = YES;
				CLANG_WARN_EMPTY_BODY = YES;
				CLANG_WARN_ENUM_CONVERSION = YES;
				CLANG_WARN_INFINITE_RECURSION = YES;
				CLANG_WARN_INT_CONVERSION = YES;
				CLANG_WARN_NON_LITERAL_NULL_CONVERSION = YES;
				CLANG_WARN_OBJC_IMPLICIT_RETAIN_SELF = YES;
				CLANG_WARN_OBJC_LITERAL_CONVERSION = YES;
				CLANG_WARN_OBJC_ROOT_CLASS = YES_ERROR;
				CLANG_WARN_RANGE_LOOP_ANALYSIS = YES;
				CLANG_WARN_STRICT_PROTOTYPES = YES;
				CLANG_WARN_SUSPICIOUS_MOVE = YES;
				CLANG_WARN_UNGUARDED_AVAILABILITY = YES_AGGRESSIVE;
				CLANG_WARN_UNREACHABLE_CODE = YES;
				CLANG_WARN__DUPLICATE_METHOD_MATCH = YES;
				CODE_SIGN_IDENTITY = "iPhone Developer";
				COPY_PHASE_STRIP = NO;
				DEBUG_INFORMATION_FORMAT = dwarf;
				ENABLE_STRICT_OBJC_MSGSEND = YES;
				ENABLE_TESTABILITY = YES;
				GCC_C_LANGUAGE_STANDARD = gnu11;
				GCC_DYNAMIC_NO_PIC = NO;
				GCC_NO_COMMON_BLOCKS = YES;
				GCC_OPTIMIZATION_LEVEL = 0;
				GCC_PREPROCESSOR_DEFINITIONS = (
					"DEBUG=1",
					"$(inherited)",
				);
				GCC_WARN_64_TO_32_BIT_CONVERSION = YES;
				GCC_WARN_ABOUT_RETURN_TYPE = YES_ERROR;
				GCC_WARN_UNDECLARED_SELECTOR = YES;
				GCC_WARN_UNINITIALIZED_AUTOS = YES_AGGRESSIVE;
				GCC_WARN_UNUSED_FUNCTION = YES;
				GCC_WARN_UNUSED_VARIABLE = YES;
				IPHONEOS_DEPLOYMENT_TARGET = 12.1;
				MTL_ENABLE_DEBUG_INFO = INCLUDE_SOURCE;
				MTL_FAST_MATH = YES;
				ONLY_ACTIVE_ARCH = YES;
				SDKROOT = iphoneos;
				SWIFT_ACTIVE_COMPILATION_CONDITIONS = DEBUG;
				SWIFT_OPTIMIZATION_LEVEL = "-Onone";
			};
			name = Debug;
		};
		7986016D225883B300AEBC47 /* Release */ = {
			isa = XCBuildConfiguration;
			buildSettings = {
				ALWAYS_SEARCH_USER_PATHS = NO;
				CLANG_ANALYZER_NONNULL = YES;
				CLANG_ANALYZER_NUMBER_OBJECT_CONVERSION = YES_AGGRESSIVE;
				CLANG_CXX_LANGUAGE_STANDARD = "gnu++14";
				CLANG_CXX_LIBRARY = "libc++";
				CLANG_ENABLE_MODULES = YES;
				CLANG_ENABLE_OBJC_ARC = YES;
				CLANG_ENABLE_OBJC_WEAK = YES;
				CLANG_WARN_BLOCK_CAPTURE_AUTORELEASING = YES;
				CLANG_WARN_BOOL_CONVERSION = YES;
				CLANG_WARN_COMMA = YES;
				CLANG_WARN_CONSTANT_CONVERSION = YES;
				CLANG_WARN_DEPRECATED_OBJC_IMPLEMENTATIONS = YES;
				CLANG_WARN_DIRECT_OBJC_ISA_USAGE = YES_ERROR;
				CLANG_WARN_DOCUMENTATION_COMMENTS = YES;
				CLANG_WARN_EMPTY_BODY = YES;
				CLANG_WARN_ENUM_CONVERSION = YES;
				CLANG_WARN_INFINITE_RECURSION = YES;
				CLANG_WARN_INT_CONVERSION = YES;
				CLANG_WARN_NON_LITERAL_NULL_CONVERSION = YES;
				CLANG_WARN_OBJC_IMPLICIT_RETAIN_SELF = YES;
				CLANG_WARN_OBJC_LITERAL_CONVERSION = YES;
				CLANG_WARN_OBJC_ROOT_CLASS = YES_ERROR;
				CLANG_WARN_RANGE_LOOP_ANALYSIS = YES;
				CLANG_WARN_STRICT_PROTOTYPES = YES;
				CLANG_WARN_SUSPICIOUS_MOVE = YES;
				CLANG_WARN_UNGUARDED_AVAILABILITY = YES_AGGRESSIVE;
				CLANG_WARN_UNREACHABLE_CODE = YES;
				CLANG_WARN__DUPLICATE_METHOD_MATCH = YES;
				CODE_SIGN_IDENTITY = "iPhone Developer";
				COPY_PHASE_STRIP = NO;
				DEBUG_INFORMATION_FORMAT = "dwarf-with-dsym";
				ENABLE_NS_ASSERTIONS = NO;
				ENABLE_STRICT_OBJC_MSGSEND = YES;
				GCC_C_LANGUAGE_STANDARD = gnu11;
				GCC_NO_COMMON_BLOCKS = YES;
				GCC_WARN_64_TO_32_BIT_CONVERSION = YES;
				GCC_WARN_ABOUT_RETURN_TYPE = YES_ERROR;
				GCC_WARN_UNDECLARED_SELECTOR = YES;
				GCC_WARN_UNINITIALIZED_AUTOS = YES_AGGRESSIVE;
				GCC_WARN_UNUSED_FUNCTION = YES;
				GCC_WARN_UNUSED_VARIABLE = YES;
				IPHONEOS_DEPLOYMENT_TARGET = 12.1;
				MTL_ENABLE_DEBUG_INFO = NO;
				MTL_FAST_MATH = YES;
				SDKROOT = iphoneos;
				SWIFT_COMPILATION_MODE = wholemodule;
				SWIFT_OPTIMIZATION_LEVEL = "-O";
				VALIDATE_PRODUCT = YES;
			};
			name = Release;
		};
		7986016F225883B300AEBC47 /* Debug */ = {
			isa = XCBuildConfiguration;
			baseConfigurationReference = 4F8B260883C014A8CE5CF0A7 /* Pods-Trackee.debug.xcconfig */;
			buildSettings = {
				ASSETCATALOG_COMPILER_APPICON_NAME = AppIcon;
				CODE_SIGN_STYLE = Automatic;
				DEVELOPMENT_TEAM = X2332K5HVA;
				INFOPLIST_FILE = Trackee/Info.plist;
				LD_RUNPATH_SEARCH_PATHS = (
					"$(inherited)",
					"@executable_path/Frameworks",
				);
				PRODUCT_BUNDLE_IDENTIFIER = com.pramodya.Trackee;
				PRODUCT_NAME = "$(TARGET_NAME)";
				SWIFT_VERSION = 4.2;
				TARGETED_DEVICE_FAMILY = "1,2";
			};
			name = Debug;
		};
		79860170225883B300AEBC47 /* Release */ = {
			isa = XCBuildConfiguration;
			baseConfigurationReference = 8A4D4B110AAB2D8C41774AF0 /* Pods-Trackee.release.xcconfig */;
			buildSettings = {
				ASSETCATALOG_COMPILER_APPICON_NAME = AppIcon;
				CODE_SIGN_STYLE = Automatic;
				DEVELOPMENT_TEAM = X2332K5HVA;
				INFOPLIST_FILE = Trackee/Info.plist;
				LD_RUNPATH_SEARCH_PATHS = (
					"$(inherited)",
					"@executable_path/Frameworks",
				);
				PRODUCT_BUNDLE_IDENTIFIER = com.pramodya.Trackee;
				PRODUCT_NAME = "$(TARGET_NAME)";
				SWIFT_VERSION = 4.2;
				TARGETED_DEVICE_FAMILY = "1,2";
			};
			name = Release;
		};
/* End XCBuildConfiguration section */

/* Begin XCConfigurationList section */
		79860157225883B000AEBC47 /* Build configuration list for PBXProject "Trackee" */ = {
			isa = XCConfigurationList;
			buildConfigurations = (
				7986016C225883B300AEBC47 /* Debug */,
				7986016D225883B300AEBC47 /* Release */,
			);
			defaultConfigurationIsVisible = 0;
			defaultConfigurationName = Release;
		};
		7986016E225883B300AEBC47 /* Build configuration list for PBXNativeTarget "Trackee" */ = {
			isa = XCConfigurationList;
			buildConfigurations = (
				7986016F225883B300AEBC47 /* Debug */,
				79860170225883B300AEBC47 /* Release */,
			);
			defaultConfigurationIsVisible = 0;
			defaultConfigurationName = Release;
		};
/* End XCConfigurationList section */
	};
	rootObject = 79860154225883B000AEBC47 /* Project object */;
}
